
Microsoft Visual Studio Solution File, Format Version 12.00
# Visual Studio Version 17
VisualStudioVersion = 17.4.33122.133
MinimumVisualStudioVersion = 10.0.40219.1
Project("{9A19103F-16F7-4668-BE54-9A1E7A4F7556}") = "BD9", "BD9.csproj", "{92A7AD2F-F24E-4FB7-BB69-429458C5B0EE}"
EndProject
Global
	GlobalSection(SolutionConfigurationPlatforms) = preSolution
		Debug|Any CPU = Debug|Any CPU
		Release|Any CPU = Release|Any CPU
	EndGlobalSection
	GlobalSection(ProjectConfigurationPlatforms) = postSolution
		{92A7AD2F-F24E-4FB7-BB69-429458C5B0EE}.Debug|Any CPU.ActiveCfg = Debug|Any CPU
		{92A7AD2F-F24E-4FB7-BB69-429458C5B0EE}.Debug|Any CPU.Build.0 = Debug|Any CPU
		{92A7AD2F-F24E-4FB7-BB69-429458C5B0EE}.Release|Any CPU.ActiveCfg = Release|Any CPU
		{92A7AD2F-F24E-4FB7-BB69-429458C5B0EE}.Release|Any CPU.Build.0 = Release|Any CPU
	EndGlobalSection
	GlobalSection(SolutionProperties) = preSolution
		HideSolutionNode = FALSE
	EndGlobalSection
	GlobalSection(ExtensibilityGlobals) = postSolution
		SolutionGuid = {B35F5A4F-0136-4326-90A4-B309CC1D44D6}
	EndGlobalSection
EndGlobal
